
Microsoft Visual Studio Solution File, Format Version 12.00
# Visual Studio 2013
Project("{FAE04EC0-301F-11D3-BF4B-00C04F79EFBC}") = "UnityVS.LOLclient.CSharp", "UnityVS.LOLclient.CSharp.csproj", "{83D6EC78-58C7-D353-64CE-904C2551A09A}"
EndProject
Project("{FAE04EC0-301F-11D3-BF4B-00C04F79EFBC}") = "UnityVS.LOLclient.CSharp.Editor", "UnityVS.LOLclient.CSharp.Editor.csproj", "{0D15453C-3290-A05F-F3E7-34573C1246CF}"
EndProject
Global
	GlobalSection(SolutionConfigurationPlatforms) = preSolution
		Debug|Any CPU = Debug|Any CPU
		Release|Any CPU = Release|Any CPU
	EndGlobalSection
	GlobalSection(ProjectConfigurationPlatforms) = postSolution
		{83D6EC78-58C7-D353-64CE-904C2551A09A}.Debug|Any CPU.ActiveCfg = Debug|Any CPU
		{83D6EC78-58C7-D353-64CE-904C2551A09A}.Debug|Any CPU.Build.0 = Debug|Any CPU
		{83D6EC78-58C7-D353-64CE-904C2551A09A}.Release|Any CPU.ActiveCfg = Release|Any CPU
		{83D6EC78-58C7-D353-64CE-904C2551A09A}.Release|Any CPU.Build.0 = Release|Any CPU
		{0D15453C-3290-A05F-F3E7-34573C1246CF}.Debug|Any CPU.ActiveCfg = Debug|Any CPU
		{0D15453C-3290-A05F-F3E7-34573C1246CF}.Debug|Any CPU.Build.0 = Debug|Any CPU
		{0D15453C-3290-A05F-F3E7-34573C1246CF}.Release|Any CPU.ActiveCfg = Release|Any CPU
		{0D15453C-3290-A05F-F3E7-34573C1246CF}.Release|Any CPU.Build.0 = Release|Any CPU
	EndGlobalSection
	GlobalSection(SolutionProperties) = preSolution
		HideSolutionNode = FALSE
	EndGlobalSection
EndGlobal
